
Microsoft Visual Studio Solution File, Format Version 12.00
# Visual Studio Version 17
VisualStudioVersion = 17.1.32113.165
MinimumVisualStudioVersion = 10.0.40219.1
Project("{FAE04EC0-301F-11D3-BF4B-00C04F79EFBC}") = "ObserverDesignPattern", "ObserverDesignPattern\ObserverDesignPattern.csproj", "{729FC741-BE6E-40F1-A21C-BDD902D4001C}"
EndProject
Global
	GlobalSection(SolutionConfigurationPlatforms) = preSolution
		Debug|Any CPU = Debug|Any CPU
		Release|Any CPU = Release|Any CPU
	EndGlobalSection
	GlobalSection(ProjectConfigurationPlatforms) = postSolution
		{729FC741-BE6E-40F1-A21C-BDD902D4001C}.Debug|Any CPU.ActiveCfg = Debug|Any CPU
		{729FC741-BE6E-40F1-A21C-BDD902D4001C}.Debug|Any CPU.Build.0 = Debug|Any CPU
		{729FC741-BE6E-40F1-A21C-BDD902D4001C}.Release|Any CPU.ActiveCfg = Release|Any CPU
		{729FC741-BE6E-40F1-A21C-BDD902D4001C}.Release|Any CPU.Build.0 = Release|Any CPU
	EndGlobalSection
	GlobalSection(SolutionProperties) = preSolution
		HideSolutionNode = FALSE
	EndGlobalSection
	GlobalSection(ExtensibilityGlobals) = postSolution
		SolutionGuid = {367FACD6-7482-4E70-9F1D-D30A095BB365}
	EndGlobalSection
EndGlobal
