
Microsoft Visual Studio Solution File, Format Version 12.00
# Visual Studio Version 17
VisualStudioVersion = 17.1.32113.165
MinimumVisualStudioVersion = 10.0.40219.1
Project("{FAE04EC0-301F-11D3-BF4B-00C04F79EFBC}") = "LogFourNet", "LogFourNet\LogFourNet.csproj", "{CAA95A17-2E0B-45D1-89A9-540BC39020CB}"
EndProject
Global
	GlobalSection(SolutionConfigurationPlatforms) = preSolution
		Debug|Any CPU = Debug|Any CPU
		Release|Any CPU = Release|Any CPU
	EndGlobalSection
	GlobalSection(ProjectConfigurationPlatforms) = postSolution
		{CAA95A17-2E0B-45D1-89A9-540BC39020CB}.Debug|Any CPU.ActiveCfg = Debug|Any CPU
		{CAA95A17-2E0B-45D1-89A9-540BC39020CB}.Debug|Any CPU.Build.0 = Debug|Any CPU
		{CAA95A17-2E0B-45D1-89A9-540BC39020CB}.Release|Any CPU.ActiveCfg = Release|Any CPU
		{CAA95A17-2E0B-45D1-89A9-540BC39020CB}.Release|Any CPU.Build.0 = Release|Any CPU
	EndGlobalSection
	GlobalSection(SolutionProperties) = preSolution
		HideSolutionNode = FALSE
	EndGlobalSection
	GlobalSection(ExtensibilityGlobals) = postSolution
		SolutionGuid = {505CAE6C-9FF0-4FE6-9A16-CE28CA123192}
	EndGlobalSection
EndGlobal
