
Microsoft Visual Studio Solution File, Format Version 12.00
# Visual Studio Version 17
VisualStudioVersion = 17.0.32014.148
MinimumVisualStudioVersion = 10.0.40219.1
Project("{FAE04EC0-301F-11D3-BF4B-00C04F79EFBC}") = "Async Await usage - 2", "Async Await usage - 2\Async Await usage - 2.csproj", "{9B3246DB-CA79-4880-93D0-85695C4B43C2}"
EndProject
Global
	GlobalSection(SolutionConfigurationPlatforms) = preSolution
		Debug|Any CPU = Debug|Any CPU
		Release|Any CPU = Release|Any CPU
	EndGlobalSection
	GlobalSection(ProjectConfigurationPlatforms) = postSolution
		{9B3246DB-CA79-4880-93D0-85695C4B43C2}.Debug|Any CPU.ActiveCfg = Debug|Any CPU
		{9B3246DB-CA79-4880-93D0-85695C4B43C2}.Debug|Any CPU.Build.0 = Debug|Any CPU
		{9B3246DB-CA79-4880-93D0-85695C4B43C2}.Release|Any CPU.ActiveCfg = Release|Any CPU
		{9B3246DB-CA79-4880-93D0-85695C4B43C2}.Release|Any CPU.Build.0 = Release|Any CPU
	EndGlobalSection
	GlobalSection(SolutionProperties) = preSolution
		HideSolutionNode = FALSE
	EndGlobalSection
	GlobalSection(ExtensibilityGlobals) = postSolution
		SolutionGuid = {C7CD6730-15FE-4599-A512-E10BD7748A38}
	EndGlobalSection
EndGlobal
