
Microsoft Visual Studio Solution File, Format Version 12.00
# Visual Studio Version 17
VisualStudioVersion = 17.1.32113.165
MinimumVisualStudioVersion = 10.0.40219.1
Project("{FAE04EC0-301F-11D3-BF4B-00C04F79EFBC}") = "ScaffoldWithEntityFramework", "ScaffoldWithEntityFramework\ScaffoldWithEntityFramework.csproj", "{23F165C2-AD82-44DF-BA65-F00D8BAC0223}"
EndProject
Global
	GlobalSection(SolutionConfigurationPlatforms) = preSolution
		Debug|Any CPU = Debug|Any CPU
		Release|Any CPU = Release|Any CPU
	EndGlobalSection
	GlobalSection(ProjectConfigurationPlatforms) = postSolution
		{23F165C2-AD82-44DF-BA65-F00D8BAC0223}.Debug|Any CPU.ActiveCfg = Debug|Any CPU
		{23F165C2-AD82-44DF-BA65-F00D8BAC0223}.Debug|Any CPU.Build.0 = Debug|Any CPU
		{23F165C2-AD82-44DF-BA65-F00D8BAC0223}.Release|Any CPU.ActiveCfg = Release|Any CPU
		{23F165C2-AD82-44DF-BA65-F00D8BAC0223}.Release|Any CPU.Build.0 = Release|Any CPU
	EndGlobalSection
	GlobalSection(SolutionProperties) = preSolution
		HideSolutionNode = FALSE
	EndGlobalSection
	GlobalSection(ExtensibilityGlobals) = postSolution
		SolutionGuid = {D27D198B-0E28-424B-9738-D7E82FD4A889}
	EndGlobalSection
EndGlobal
