
Microsoft Visual Studio Solution File, Format Version 12.00
# Visual Studio Version 17
VisualStudioVersion = 17.1.32113.165
MinimumVisualStudioVersion = 10.0.40219.1
Project("{9A19103F-16F7-4668-BE54-9A1E7A4F7556}") = "AdapterDesignPattern", "AdapterDesignPattern\AdapterDesignPattern.csproj", "{34BFC749-8FE9-4754-8FE5-8E0B9AA899A4}"
EndProject
Project("{FAE04EC0-301F-11D3-BF4B-00C04F79EFBC}") = "AdapterDesignPatternTest", "AdapterDesignPatternTest\AdapterDesignPatternTest.csproj", "{A5000046-6E2B-4EEF-B867-ACA642BE759A}"
EndProject
Global
	GlobalSection(SolutionConfigurationPlatforms) = preSolution
		Debug|Any CPU = Debug|Any CPU
		Release|Any CPU = Release|Any CPU
	EndGlobalSection
	GlobalSection(ProjectConfigurationPlatforms) = postSolution
		{34BFC749-8FE9-4754-8FE5-8E0B9AA899A4}.Debug|Any CPU.ActiveCfg = Debug|Any CPU
		{34BFC749-8FE9-4754-8FE5-8E0B9AA899A4}.Debug|Any CPU.Build.0 = Debug|Any CPU
		{34BFC749-8FE9-4754-8FE5-8E0B9AA899A4}.Release|Any CPU.ActiveCfg = Release|Any CPU
		{34BFC749-8FE9-4754-8FE5-8E0B9AA899A4}.Release|Any CPU.Build.0 = Release|Any CPU
		{A5000046-6E2B-4EEF-B867-ACA642BE759A}.Debug|Any CPU.ActiveCfg = Debug|Any CPU
		{A5000046-6E2B-4EEF-B867-ACA642BE759A}.Debug|Any CPU.Build.0 = Debug|Any CPU
		{A5000046-6E2B-4EEF-B867-ACA642BE759A}.Release|Any CPU.ActiveCfg = Release|Any CPU
		{A5000046-6E2B-4EEF-B867-ACA642BE759A}.Release|Any CPU.Build.0 = Release|Any CPU
	EndGlobalSection
	GlobalSection(SolutionProperties) = preSolution
		HideSolutionNode = FALSE
	EndGlobalSection
	GlobalSection(ExtensibilityGlobals) = postSolution
		SolutionGuid = {03DA7293-65C3-4598-9E10-9DB8AEF67CD9}
	EndGlobalSection
EndGlobal
