
Microsoft Visual Studio Solution File, Format Version 12.00
# Visual Studio Version 17
VisualStudioVersion = 17.1.32113.165
MinimumVisualStudioVersion = 10.0.40219.1
Project("{FAE04EC0-301F-11D3-BF4B-00C04F79EFBC}") = "MyFoodSupply", "MyFoodSupply\MyFoodSupply.csproj", "{CA48E580-80B8-44D1-BB2F-E0D40FD59EF1}"
EndProject
Project("{FAE04EC0-301F-11D3-BF4B-00C04F79EFBC}") = "MyFoodSupplyTest", "MyFoodSupplyTest\MyFoodSupplyTest.csproj", "{48AD3876-F139-4145-BBB1-B8FB6FD1F340}"
EndProject
Global
	GlobalSection(SolutionConfigurationPlatforms) = preSolution
		Debug|Any CPU = Debug|Any CPU
		Release|Any CPU = Release|Any CPU
	EndGlobalSection
	GlobalSection(ProjectConfigurationPlatforms) = postSolution
		{CA48E580-80B8-44D1-BB2F-E0D40FD59EF1}.Debug|Any CPU.ActiveCfg = Debug|Any CPU
		{CA48E580-80B8-44D1-BB2F-E0D40FD59EF1}.Debug|Any CPU.Build.0 = Debug|Any CPU
		{CA48E580-80B8-44D1-BB2F-E0D40FD59EF1}.Release|Any CPU.ActiveCfg = Release|Any CPU
		{CA48E580-80B8-44D1-BB2F-E0D40FD59EF1}.Release|Any CPU.Build.0 = Release|Any CPU
		{48AD3876-F139-4145-BBB1-B8FB6FD1F340}.Debug|Any CPU.ActiveCfg = Debug|Any CPU
		{48AD3876-F139-4145-BBB1-B8FB6FD1F340}.Debug|Any CPU.Build.0 = Debug|Any CPU
		{48AD3876-F139-4145-BBB1-B8FB6FD1F340}.Release|Any CPU.ActiveCfg = Release|Any CPU
		{48AD3876-F139-4145-BBB1-B8FB6FD1F340}.Release|Any CPU.Build.0 = Release|Any CPU
	EndGlobalSection
	GlobalSection(SolutionProperties) = preSolution
		HideSolutionNode = FALSE
	EndGlobalSection
	GlobalSection(ExtensibilityGlobals) = postSolution
		SolutionGuid = {44B0BBB6-6187-4097-8BFE-2FF03A84AA78}
	EndGlobalSection
EndGlobal
