
Microsoft Visual Studio Solution File, Format Version 12.00
# Visual Studio Version 17
VisualStudioVersion = 17.1.32113.165
MinimumVisualStudioVersion = 10.0.40219.1
Project("{FAE04EC0-301F-11D3-BF4B-00C04F79EFBC}") = "RazorViewToListEmployees", "RazorViewToListEmployees\RazorViewToListEmployees.csproj", "{AE9D32F7-5F06-4445-AFA7-29CA41F2DA4A}"
EndProject
Global
	GlobalSection(SolutionConfigurationPlatforms) = preSolution
		Debug|Any CPU = Debug|Any CPU
		Release|Any CPU = Release|Any CPU
	EndGlobalSection
	GlobalSection(ProjectConfigurationPlatforms) = postSolution
		{AE9D32F7-5F06-4445-AFA7-29CA41F2DA4A}.Debug|Any CPU.ActiveCfg = Debug|Any CPU
		{AE9D32F7-5F06-4445-AFA7-29CA41F2DA4A}.Debug|Any CPU.Build.0 = Debug|Any CPU
		{AE9D32F7-5F06-4445-AFA7-29CA41F2DA4A}.Release|Any CPU.ActiveCfg = Release|Any CPU
		{AE9D32F7-5F06-4445-AFA7-29CA41F2DA4A}.Release|Any CPU.Build.0 = Release|Any CPU
	EndGlobalSection
	GlobalSection(SolutionProperties) = preSolution
		HideSolutionNode = FALSE
	EndGlobalSection
	GlobalSection(ExtensibilityGlobals) = postSolution
		SolutionGuid = {1E9AB0A1-2F5D-4A4D-B323-1D21C19ED24C}
	EndGlobalSection
EndGlobal
